
Microsoft Visual Studio Solution File, Format Version 12.00
# Visual Studio Version 17
VisualStudioVersion = 17.1.32407.343
MinimumVisualStudioVersion = 10.0.40219.1
Project("{FAE04EC0-301F-11D3-BF4B-00C04F79EFBC}") = "Thesis.Android", "Thesis\Thesis.Android\Thesis.Android.csproj", "{0898EF10-FCC8-4E14-A1CB-052D31E2F961}"
EndProject
Project("{FAE04EC0-301F-11D3-BF4B-00C04F79EFBC}") = "Thesis.iOS", "Thesis\Thesis.iOS\Thesis.iOS.csproj", "{A18850BB-9A95-4986-8CD0-40DBF7F00574}"
EndProject
Project("{9A19103F-16F7-4668-BE54-9A1E7A4F7556}") = "Thesis", "Thesis\Thesis\Thesis.csproj", "{BC440816-A2E9-4873-8F78-32E0DDE68760}"
EndProject
Project("{9A19103F-16F7-4668-BE54-9A1E7A4F7556}") = "Opc.Ua.Client", "Opc.Ua.Client\Opc.Ua.Client.csproj", "{5876D903-2A73-4ADF-917B-94F8AFEA676B}"
EndProject
Project("{9A19103F-16F7-4668-BE54-9A1E7A4F7556}") = "Opc.Ua.Configuration", "Opc.Ua.Configuration\Opc.Ua.Configuration.csproj", "{494F9EF7-4ADC-4434-98E3-096609AE3F4A}"
EndProject
Project("{9A19103F-16F7-4668-BE54-9A1E7A4F7556}") = "Opc.Ua.Core", "Opc.Ua.Core\Opc.Ua.Core.csproj", "{7DEF0540-BA31-47F7-98AD-3327EFFBF2FB}"
EndProject
Global
	GlobalSection(SolutionConfigurationPlatforms) = preSolution
		Ad-Hoc|Any CPU = Ad-Hoc|Any CPU
		Ad-Hoc|ARM = Ad-Hoc|ARM
		Ad-Hoc|iPhone = Ad-Hoc|iPhone
		Ad-Hoc|iPhoneSimulator = Ad-Hoc|iPhoneSimulator
		Ad-Hoc|x64 = Ad-Hoc|x64
		Ad-Hoc|x86 = Ad-Hoc|x86
		AppStore|Any CPU = AppStore|Any CPU
		AppStore|ARM = AppStore|ARM
		AppStore|iPhone = AppStore|iPhone
		AppStore|iPhoneSimulator = AppStore|iPhoneSimulator
		AppStore|x64 = AppStore|x64
		AppStore|x86 = AppStore|x86
		Debug|Any CPU = Debug|Any CPU
		Debug|ARM = Debug|ARM
		Debug|iPhone = Debug|iPhone
		Debug|iPhoneSimulator = Debug|iPhoneSimulator
		Debug|x64 = Debug|x64
		Debug|x86 = Debug|x86
		Gorilla|Any CPU = Gorilla|Any CPU
		Gorilla|ARM = Gorilla|ARM
		Gorilla|iPhone = Gorilla|iPhone
		Gorilla|iPhoneSimulator = Gorilla|iPhoneSimulator
		Gorilla|x64 = Gorilla|x64
		Gorilla|x86 = Gorilla|x86
		Release|Any CPU = Release|Any CPU
		Release|ARM = Release|ARM
		Release|iPhone = Release|iPhone
		Release|iPhoneSimulator = Release|iPhoneSimulator
		Release|x64 = Release|x64
		Release|x86 = Release|x86
	EndGlobalSection
	GlobalSection(ProjectConfigurationPlatforms) = postSolution
		{0898EF10-FCC8-4E14-A1CB-052D31E2F961}.Ad-Hoc|Any CPU.ActiveCfg = Release|Any CPU
		{0898EF10-FCC8-4E14-A1CB-052D31E2F961}.Ad-Hoc|Any CPU.Build.0 = Release|Any CPU
		{0898EF10-FCC8-4E14-A1CB-052D31E2F961}.Ad-Hoc|Any CPU.Deploy.0 = Release|Any CPU
		{0898EF10-FCC8-4E14-A1CB-052D31E2F961}.Ad-Hoc|ARM.ActiveCfg = Release|Any CPU
		{0898EF10-FCC8-4E14-A1CB-052D31E2F961}.Ad-Hoc|ARM.Build.0 = Release|Any CPU
		{0898EF10-FCC8-4E14-A1CB-052D31E2F961}.Ad-Hoc|ARM.Deploy.0 = Release|Any CPU
		{0898EF10-FCC8-4E14-A1CB-052D31E2F961}.Ad-Hoc|iPhone.ActiveCfg = Release|Any CPU
		{0898EF10-FCC8-4E14-A1CB-052D31E2F961}.Ad-Hoc|iPhone.Build.0 = Release|Any CPU
		{0898EF10-FCC8-4E14-A1CB-052D31E2F961}.Ad-Hoc|iPhone.Deploy.0 = Release|Any CPU
		{0898EF10-FCC8-4E14-A1CB-052D31E2F961}.Ad-Hoc|iPhoneSimulator.ActiveCfg = Release|Any CPU
		{0898EF10-FCC8-4E14-A1CB-052D31E2F961}.Ad-Hoc|iPhoneSimulator.Build.0 = Release|Any CPU
		{0898EF10-FCC8-4E14-A1CB-052D31E2F961}.Ad-Hoc|iPhoneSimulator.Deploy.0 = Release|Any CPU
		{0898EF10-FCC8-4E14-A1CB-052D31E2F961}.Ad-Hoc|x64.ActiveCfg = Release|Any CPU
		{0898EF10-FCC8-4E14-A1CB-052D31E2F961}.Ad-Hoc|x64.Build.0 = Release|Any CPU
		{0898EF10-FCC8-4E14-A1CB-052D31E2F961}.Ad-Hoc|x64.Deploy.0 = Release|Any CPU
		{0898EF10-FCC8-4E14-A1CB-052D31E2F961}.Ad-Hoc|x86.ActiveCfg = Release|Any CPU
		{0898EF10-FCC8-4E14-A1CB-052D31E2F961}.Ad-Hoc|x86.Build.0 = Release|Any CPU
		{0898EF10-FCC8-4E14-A1CB-052D31E2F961}.Ad-Hoc|x86.Deploy.0 = Release|Any CPU
		{0898EF10-FCC8-4E14-A1CB-052D31E2F961}.AppStore|Any CPU.ActiveCfg = Release|Any CPU
		{0898EF10-FCC8-4E14-A1CB-052D31E2F961}.AppStore|Any CPU.Build.0 = Release|Any CPU
		{0898EF10-FCC8-4E14-A1CB-052D31E2F961}.AppStore|Any CPU.Deploy.0 = Release|Any CPU
		{0898EF10-FCC8-4E14-A1CB-052D31E2F961}.AppStore|ARM.ActiveCfg = Release|Any CPU
		{0898EF10-FCC8-4E14-A1CB-052D31E2F961}.AppStore|ARM.Build.0 = Release|Any CPU
		{0898EF10-FCC8-4E14-A1CB-052D31E2F961}.AppStore|ARM.Deploy.0 = Release|Any CPU
		{0898EF10-FCC8-4E14-A1CB-052D31E2F961}.AppStore|iPhone.ActiveCfg = Release|Any CPU
		{0898EF10-FCC8-4E14-A1CB-052D31E2F961}.AppStore|iPhone.Build.0 = Release|Any CPU
		{0898EF10-FCC8-4E14-A1CB-052D31E2F961}.AppStore|iPhone.Deploy.0 = Release|Any CPU
		{0898EF10-FCC8-4E14-A1CB-052D31E2F961}.AppStore|iPhoneSimulator.ActiveCfg = Release|Any CPU
		{0898EF10-FCC8-4E14-A1CB-052D31E2F961}.AppStore|iPhoneSimulator.Build.0 = Release|Any CPU
		{0898EF10-FCC8-4E14-A1CB-052D31E2F961}.AppStore|iPhoneSimulator.Deploy.0 = Release|Any CPU
		{0898EF10-FCC8-4E14-A1CB-052D31E2F961}.AppStore|x64.ActiveCfg = Release|Any CPU
		{0898EF10-FCC8-4E14-A1CB-052D31E2F961}.AppStore|x64.Build.0 = Release|Any CPU
		{0898EF10-FCC8-4E14-A1CB-052D31E2F961}.AppStore|x64.Deploy.0 = Release|Any CPU
		{0898EF10-FCC8-4E14-A1CB-052D31E2F961}.AppStore|x86.ActiveCfg = Release|Any CPU
		{0898EF10-FCC8-4E14-A1CB-052D31E2F961}.AppStore|x86.Build.0 = Release|Any CPU
		{0898EF10-FCC8-4E14-A1CB-052D31E2F961}.AppStore|x86.Deploy.0 = Release|Any CPU
		{0898EF10-FCC8-4E14-A1CB-052D31E2F961}.Debug|Any CPU.ActiveCfg = Debug|Any CPU
		{0898EF10-FCC8-4E14-A1CB-052D31E2F961}.Debug|Any CPU.Build.0 = Debug|Any CPU
		{0898EF10-FCC8-4E14-A1CB-052D31E2F961}.Debug|Any CPU.Deploy.0 = Debug|Any CPU
		{0898EF10-FCC8-4E14-A1CB-052D31E2F961}.Debug|ARM.ActiveCfg = Debug|Any CPU
		{0898EF10-FCC8-4E14-A1CB-052D31E2F961}.Debug|ARM.Build.0 = Debug|Any CPU
		{0898EF10-FCC8-4E14-A1CB-052D31E2F961}.Debug|ARM.Deploy.0 = Debug|Any CPU
		{0898EF10-FCC8-4E14-A1CB-052D31E2F961}.Debug|iPhone.ActiveCfg = Debug|Any CPU
		{0898EF10-FCC8-4E14-A1CB-052D31E2F961}.Debug|iPhone.Build.0 = Debug|Any CPU
		{0898EF10-FCC8-4E14-A1CB-052D31E2F961}.Debug|iPhone.Deploy.0 = Debug|Any CPU
		{0898EF10-FCC8-4E14-A1CB-052D31E2F961}.Debug|iPhoneSimulator.ActiveCfg = Debug|Any CPU
		{0898EF10-FCC8-4E14-A1CB-052D31E2F961}.Debug|iPhoneSimulator.Build.0 = Debug|Any CPU
		{0898EF10-FCC8-4E14-A1CB-052D31E2F961}.Debug|iPhoneSimulator.Deploy.0 = Debug|Any CPU
		{0898EF10-FCC8-4E14-A1CB-052D31E2F961}.Debug|x64.ActiveCfg = Debug|Any CPU
		{0898EF10-FCC8-4E14-A1CB-052D31E2F961}.Debug|x64.Build.0 = Debug|Any CPU
		{0898EF10-FCC8-4E14-A1CB-052D31E2F961}.Debug|x64.Deploy.0 = Debug|Any CPU
		{0898EF10-FCC8-4E14-A1CB-052D31E2F961}.Debug|x86.ActiveCfg = Debug|Any CPU
		{0898EF10-FCC8-4E14-A1CB-052D31E2F961}.Debug|x86.Build.0 = Debug|Any CPU
		{0898EF10-FCC8-4E14-A1CB-052D31E2F961}.Debug|x86.Deploy.0 = Debug|Any CPU
		{0898EF10-FCC8-4E14-A1CB-052D31E2F961}.Gorilla|Any CPU.ActiveCfg = Release|Any CPU
		{0898EF10-FCC8-4E14-A1CB-052D31E2F961}.Gorilla|Any CPU.Build.0 = Release|Any CPU
		{0898EF10-FCC8-4E14-A1CB-052D31E2F961}.Gorilla|Any CPU.Deploy.0 = Release|Any CPU
		{0898EF10-FCC8-4E14-A1CB-052D31E2F961}.Gorilla|ARM.ActiveCfg = Release|Any CPU
		{0898EF10-FCC8-4E14-A1CB-052D31E2F961}.Gorilla|ARM.Build.0 = Release|Any CPU
		{0898EF10-FCC8-4E14-A1CB-052D31E2F961}.Gorilla|ARM.Deploy.0 = Release|Any CPU
		{0898EF10-FCC8-4E14-A1CB-052D31E2F961}.Gorilla|iPhone.ActiveCfg = Release|Any CPU
		{0898EF10-FCC8-4E14-A1CB-052D31E2F961}.Gorilla|iPhone.Build.0 = Release|Any CPU
		{0898EF10-FCC8-4E14-A1CB-052D31E2F961}.Gorilla|iPhone.Deploy.0 = Release|Any CPU
		{0898EF10-FCC8-4E14-A1CB-052D31E2F961}.Gorilla|iPhoneSimulator.ActiveCfg = Release|Any CPU
		{0898EF10-FCC8-4E14-A1CB-052D31E2F961}.Gorilla|iPhoneSimulator.Build.0 = Release|Any CPU
		{0898EF10-FCC8-4E14-A1CB-052D31E2F961}.Gorilla|iPhoneSimulator.Deploy.0 = Release|Any CPU
		{0898EF10-FCC8-4E14-A1CB-052D31E2F961}.Gorilla|x64.ActiveCfg = Release|Any CPU
		{0898EF10-FCC8-4E14-A1CB-052D31E2F961}.Gorilla|x64.Build.0 = Release|Any CPU
		{0898EF10-FCC8-4E14-A1CB-052D31E2F961}.Gorilla|x64.Deploy.0 = Release|Any CPU
		{0898EF10-FCC8-4E14-A1CB-052D31E2F961}.Gorilla|x86.ActiveCfg = Release|Any CPU
		{0898EF10-FCC8-4E14-A1CB-052D31E2F961}.Gorilla|x86.Build.0 = Release|Any CPU
		{0898EF10-FCC8-4E14-A1CB-052D31E2F961}.Gorilla|x86.Deploy.0 = Release|Any CPU
		{0898EF10-FCC8-4E14-A1CB-052D31E2F961}.Release|Any CPU.ActiveCfg = Release|Any CPU
		{0898EF10-FCC8-4E14-A1CB-052D31E2F961}.Release|Any CPU.Build.0 = Release|Any CPU
		{0898EF10-FCC8-4E14-A1CB-052D31E2F961}.Release|Any CPU.Deploy.0 = Release|Any CPU
		{0898EF10-FCC8-4E14-A1CB-052D31E2F961}.Release|ARM.ActiveCfg = Release|Any CPU
		{0898EF10-FCC8-4E14-A1CB-052D31E2F961}.Release|ARM.Build.0 = Release|Any CPU
		{0898EF10-FCC8-4E14-A1CB-052D31E2F961}.Release|ARM.Deploy.0 = Release|Any CPU
		{0898EF10-FCC8-4E14-A1CB-052D31E2F961}.Release|iPhone.ActiveCfg = Release|Any CPU
		{0898EF10-FCC8-4E14-A1CB-052D31E2F961}.Release|iPhone.Build.0 = Release|Any CPU
		{0898EF10-FCC8-4E14-A1CB-052D31E2F961}.Release|iPhone.Deploy.0 = Release|Any CPU
		{0898EF10-FCC8-4E14-A1CB-052D31E2F961}.Release|iPhoneSimulator.ActiveCfg = Release|Any CPU
		{0898EF10-FCC8-4E14-A1CB-052D31E2F961}.Release|iPhoneSimulator.Build.0 = Release|Any CPU
		{0898EF10-FCC8-4E14-A1CB-052D31E2F961}.Release|iPhoneSimulator.Deploy.0 = Release|Any CPU
		{0898EF10-FCC8-4E14-A1CB-052D31E2F961}.Release|x64.ActiveCfg = Release|Any CPU
		{0898EF10-FCC8-4E14-A1CB-052D31E2F961}.Release|x64.Build.0 = Release|Any CPU
		{0898EF10-FCC8-4E14-A1CB-052D31E2F961}.Release|x64.Deploy.0 = Release|Any CPU
		{0898EF10-FCC8-4E14-A1CB-052D31E2F961}.Release|x86.ActiveCfg = Release|Any CPU
		{0898EF10-FCC8-4E14-A1CB-052D31E2F961}.Release|x86.Build.0 = Release|Any CPU
		{0898EF10-FCC8-4E14-A1CB-052D31E2F961}.Release|x86.Deploy.0 = Release|Any CPU
		{A18850BB-9A95-4986-8CD0-40DBF7F00574}.Ad-Hoc|Any CPU.ActiveCfg = Ad-Hoc|iPhone
		{A18850BB-9A95-4986-8CD0-40DBF7F00574}.Ad-Hoc|Any CPU.Build.0 = Ad-Hoc|iPhone
		{A18850BB-9A95-4986-8CD0-40DBF7F00574}.Ad-Hoc|Any CPU.Deploy.0 = Ad-Hoc|iPhone
		{A18850BB-9A95-4986-8CD0-40DBF7F00574}.Ad-Hoc|ARM.ActiveCfg = Ad-Hoc|iPhone
		{A18850BB-9A95-4986-8CD0-40DBF7F00574}.Ad-Hoc|ARM.Build.0 = Ad-Hoc|iPhone
		{A18850BB-9A95-4986-8CD0-40DBF7F00574}.Ad-Hoc|ARM.Deploy.0 = Ad-Hoc|iPhone
		{A18850BB-9A95-4986-8CD0-40DBF7F00574}.Ad-Hoc|iPhone.ActiveCfg = Ad-Hoc|iPhone
		{A18850BB-9A95-4986-8CD0-40DBF7F00574}.Ad-Hoc|iPhone.Build.0 = Ad-Hoc|iPhone
		{A18850BB-9A95-4986-8CD0-40DBF7F00574}.Ad-Hoc|iPhone.Deploy.0 = Ad-Hoc|iPhone
		{A18850BB-9A95-4986-8CD0-40DBF7F00574}.Ad-Hoc|iPhoneSimulator.ActiveCfg = Ad-Hoc|iPhoneSimulator
		{A18850BB-9A95-4986-8CD0-40DBF7F00574}.Ad-Hoc|iPhoneSimulator.Build.0 = Ad-Hoc|iPhoneSimulator
		{A18850BB-9A95-4986-8CD0-40DBF7F00574}.Ad-Hoc|iPhoneSimulator.Deploy.0 = Ad-Hoc|iPhoneSimulator
		{A18850BB-9A95-4986-8CD0-40DBF7F00574}.Ad-Hoc|x64.ActiveCfg = Ad-Hoc|iPhone
		{A18850BB-9A95-4986-8CD0-40DBF7F00574}.Ad-Hoc|x64.Build.0 = Ad-Hoc|iPhone
		{A18850BB-9A95-4986-8CD0-40DBF7F00574}.Ad-Hoc|x64.Deploy.0 = Ad-Hoc|iPhone
		{A18850BB-9A95-4986-8CD0-40DBF7F00574}.Ad-Hoc|x86.ActiveCfg = Ad-Hoc|iPhone
		{A18850BB-9A95-4986-8CD0-40DBF7F00574}.Ad-Hoc|x86.Build.0 = Ad-Hoc|iPhone
		{A18850BB-9A95-4986-8CD0-40DBF7F00574}.Ad-Hoc|x86.Deploy.0 = Ad-Hoc|iPhone
		{A18850BB-9A95-4986-8CD0-40DBF7F00574}.AppStore|Any CPU.ActiveCfg = AppStore|iPhone
		{A18850BB-9A95-4986-8CD0-40DBF7F00574}.AppStore|Any CPU.Build.0 = AppStore|iPhone
		{A18850BB-9A95-4986-8CD0-40DBF7F00574}.AppStore|Any CPU.Deploy.0 = AppStore|iPhone
		{A18850BB-9A95-4986-8CD0-40DBF7F00574}.AppStore|ARM.ActiveCfg = AppStore|iPhone
		{A18850BB-9A95-4986-8CD0-40DBF7F00574}.AppStore|ARM.Build.0 = AppStore|iPhone
		{A18850BB-9A95-4986-8CD0-40DBF7F00574}.AppStore|ARM.Deploy.0 = AppStore|iPhone
		{A18850BB-9A95-4986-8CD0-40DBF7F00574}.AppStore|iPhone.ActiveCfg = AppStore|iPhone
		{A18850BB-9A95-4986-8CD0-40DBF7F00574}.AppStore|iPhone.Build.0 = AppStore|iPhone
		{A18850BB-9A95-4986-8CD0-40DBF7F00574}.AppStore|iPhone.Deploy.0 = AppStore|iPhone
		{A18850BB-9A95-4986-8CD0-40DBF7F00574}.AppStore|iPhoneSimulator.ActiveCfg = AppStore|iPhoneSimulator
		{A18850BB-9A95-4986-8CD0-40DBF7F00574}.AppStore|iPhoneSimulator.Build.0 = AppStore|iPhoneSimulator
		{A18850BB-9A95-4986-8CD0-40DBF7F00574}.AppStore|iPhoneSimulator.Deploy.0 = AppStore|iPhoneSimulator
		{A18850BB-9A95-4986-8CD0-40DBF7F00574}.AppStore|x64.ActiveCfg = AppStore|iPhone
		{A18850BB-9A95-4986-8CD0-40DBF7F00574}.AppStore|x64.Build.0 = AppStore|iPhone
		{A18850BB-9A95-4986-8CD0-40DBF7F00574}.AppStore|x64.Deploy.0 = AppStore|iPhone
		{A18850BB-9A95-4986-8CD0-40DBF7F00574}.AppStore|x86.ActiveCfg = AppStore|iPhone
		{A18850BB-9A95-4986-8CD0-40DBF7F00574}.AppStore|x86.Build.0 = AppStore|iPhone
		{A18850BB-9A95-4986-8CD0-40DBF7F00574}.AppStore|x86.Deploy.0 = AppStore|iPhone
		{A18850BB-9A95-4986-8CD0-40DBF7F00574}.Debug|Any CPU.ActiveCfg = Debug|iPhoneSimulator
		{A18850BB-9A95-4986-8CD0-40DBF7F00574}.Debug|Any CPU.Build.0 = Debug|iPhoneSimulator
		{A18850BB-9A95-4986-8CD0-40DBF7F00574}.Debug|Any CPU.Deploy.0 = Debug|iPhoneSimulator
		{A18850BB-9A95-4986-8CD0-40DBF7F00574}.Debug|ARM.ActiveCfg = Debug|iPhone
		{A18850BB-9A95-4986-8CD0-40DBF7F00574}.Debug|ARM.Build.0 = Debug|iPhone
		{A18850BB-9A95-4986-8CD0-40DBF7F00574}.Debug|ARM.Deploy.0 = Debug|iPhone
		{A18850BB-9A95-4986-8CD0-40DBF7F00574}.Debug|iPhone.ActiveCfg = Debug|iPhone
		{A18850BB-9A95-4986-8CD0-40DBF7F00574}.Debug|iPhone.Build.0 = Debug|iPhone
		{A18850BB-9A95-4986-8CD0-40DBF7F00574}.Debug|iPhone.Deploy.0 = Debug|iPhone
		{A18850BB-9A95-4986-8CD0-40DBF7F00574}.Debug|iPhoneSimulator.ActiveCfg = Debug|iPhoneSimulator
		{A18850BB-9A95-4986-8CD0-40DBF7F00574}.Debug|iPhoneSimulator.Build.0 = Debug|iPhoneSimulator
		{A18850BB-9A95-4986-8CD0-40DBF7F00574}.Debug|iPhoneSimulator.Deploy.0 = Debug|iPhoneSimulator
		{A18850BB-9A95-4986-8CD0-40DBF7F00574}.Debug|x64.ActiveCfg = Debug|iPhone
		{A18850BB-9A95-4986-8CD0-40DBF7F00574}.Debug|x64.Build.0 = Debug|iPhone
		{A18850BB-9A95-4986-8CD0-40DBF7F00574}.Debug|x64.Deploy.0 = Debug|iPhone
		{A18850BB-9A95-4986-8CD0-40DBF7F00574}.Debug|x86.ActiveCfg = Debug|iPhone
		{A18850BB-9A95-4986-8CD0-40DBF7F00574}.Debug|x86.Build.0 = Debug|iPhone
		{A18850BB-9A95-4986-8CD0-40DBF7F00574}.Debug|x86.Deploy.0 = Debug|iPhone
		{A18850BB-9A95-4986-8CD0-40DBF7F00574}.Gorilla|Any CPU.ActiveCfg = AppStore|iPhone
		{A18850BB-9A95-4986-8CD0-40DBF7F00574}.Gorilla|Any CPU.Build.0 = AppStore|iPhone
		{A18850BB-9A95-4986-8CD0-40DBF7F00574}.Gorilla|ARM.ActiveCfg = AppStore|iPhone
		{A18850BB-9A95-4986-8CD0-40DBF7F00574}.Gorilla|ARM.Build.0 = AppStore|iPhone
		{A18850BB-9A95-4986-8CD0-40DBF7F00574}.Gorilla|iPhone.ActiveCfg = AppStore|iPhone
		{A18850BB-9A95-4986-8CD0-40DBF7F00574}.Gorilla|iPhone.Build.0 = AppStore|iPhone
		{A18850BB-9A95-4986-8CD0-40DBF7F00574}.Gorilla|iPhoneSimulator.ActiveCfg = AppStore|iPhoneSimulator
		{A18850BB-9A95-4986-8CD0-40DBF7F00574}.Gorilla|iPhoneSimulator.Build.0 = AppStore|iPhoneSimulator
		{A18850BB-9A95-4986-8CD0-40DBF7F00574}.Gorilla|x64.ActiveCfg = AppStore|iPhone
		{A18850BB-9A95-4986-8CD0-40DBF7F00574}.Gorilla|x64.Build.0 = AppStore|iPhone
		{A18850BB-9A95-4986-8CD0-40DBF7F00574}.Gorilla|x86.ActiveCfg = AppStore|iPhone
		{A18850BB-9A95-4986-8CD0-40DBF7F00574}.Gorilla|x86.Build.0 = AppStore|iPhone
		{A18850BB-9A95-4986-8CD0-40DBF7F00574}.Release|Any CPU.ActiveCfg = Release|iPhone
		{A18850BB-9A95-4986-8CD0-40DBF7F00574}.Release|Any CPU.Deploy.0 = Release|iPhone
		{A18850BB-9A95-4986-8CD0-40DBF7F00574}.Release|ARM.ActiveCfg = Release|iPhone
		{A18850BB-9A95-4986-8CD0-40DBF7F00574}.Release|ARM.Build.0 = Release|iPhone
		{A18850BB-9A95-4986-8CD0-40DBF7F00574}.Release|ARM.Deploy.0 = Release|iPhone
		{A18850BB-9A95-4986-8CD0-40DBF7F00574}.Release|iPhone.ActiveCfg = Release|iPhone
		{A18850BB-9A95-4986-8CD0-40DBF7F00574}.Release|iPhone.Build.0 = Release|iPhone
		{A18850BB-9A95-4986-8CD0-40DBF7F00574}.Release|iPhone.Deploy.0 = Release|iPhone
		{A18850BB-9A95-4986-8CD0-40DBF7F00574}.Release|iPhoneSimulator.ActiveCfg = Release|iPhoneSimulator
		{A18850BB-9A95-4986-8CD0-40DBF7F00574}.Release|iPhoneSimulator.Build.0 = Release|iPhoneSimulator
		{A18850BB-9A95-4986-8CD0-40DBF7F00574}.Release|iPhoneSimulator.Deploy.0 = Release|iPhoneSimulator
		{A18850BB-9A95-4986-8CD0-40DBF7F00574}.Release|x64.ActiveCfg = Release|iPhone
		{A18850BB-9A95-4986-8CD0-40DBF7F00574}.Release|x64.Build.0 = Release|iPhone
		{A18850BB-9A95-4986-8CD0-40DBF7F00574}.Release|x64.Deploy.0 = Release|iPhone
		{A18850BB-9A95-4986-8CD0-40DBF7F00574}.Release|x86.ActiveCfg = Release|iPhone
		{A18850BB-9A95-4986-8CD0-40DBF7F00574}.Release|x86.Build.0 = Release|iPhone
		{A18850BB-9A95-4986-8CD0-40DBF7F00574}.Release|x86.Deploy.0 = Release|iPhone
		{BC440816-A2E9-4873-8F78-32E0DDE68760}.Ad-Hoc|Any CPU.ActiveCfg = Debug|Any CPU
		{BC440816-A2E9-4873-8F78-32E0DDE68760}.Ad-Hoc|Any CPU.Build.0 = Debug|Any CPU
		{BC440816-A2E9-4873-8F78-32E0DDE68760}.Ad-Hoc|Any CPU.Deploy.0 = Debug|Any CPU
		{BC440816-A2E9-4873-8F78-32E0DDE68760}.Ad-Hoc|ARM.ActiveCfg = Debug|Any CPU
		{BC440816-A2E9-4873-8F78-32E0DDE68760}.Ad-Hoc|ARM.Build.0 = Debug|Any CPU
		{BC440816-A2E9-4873-8F78-32E0DDE68760}.Ad-Hoc|ARM.Deploy.0 = Debug|Any CPU
		{BC440816-A2E9-4873-8F78-32E0DDE68760}.Ad-Hoc|iPhone.ActiveCfg = Debug|Any CPU
		{BC440816-A2E9-4873-8F78-32E0DDE68760}.Ad-Hoc|iPhone.Build.0 = Debug|Any CPU
		{BC440816-A2E9-4873-8F78-32E0DDE68760}.Ad-Hoc|iPhone.Deploy.0 = Debug|Any CPU
		{BC440816-A2E9-4873-8F78-32E0DDE68760}.Ad-Hoc|iPhoneSimulator.ActiveCfg = Debug|Any CPU
		{BC440816-A2E9-4873-8F78-32E0DDE68760}.Ad-Hoc|iPhoneSimulator.Build.0 = Debug|Any CPU
		{BC440816-A2E9-4873-8F78-32E0DDE68760}.Ad-Hoc|iPhoneSimulator.Deploy.0 = Debug|Any CPU
		{BC440816-A2E9-4873-8F78-32E0DDE68760}.Ad-Hoc|x64.ActiveCfg = Debug|Any CPU
		{BC440816-A2E9-4873-8F78-32E0DDE68760}.Ad-Hoc|x64.Build.0 = Debug|Any CPU
		{BC440816-A2E9-4873-8F78-32E0DDE68760}.Ad-Hoc|x64.Deploy.0 = Debug|Any CPU
		{BC440816-A2E9-4873-8F78-32E0DDE68760}.Ad-Hoc|x86.ActiveCfg = Debug|Any CPU
		{BC440816-A2E9-4873-8F78-32E0DDE68760}.Ad-Hoc|x86.Build.0 = Debug|Any CPU
		{BC440816-A2E9-4873-8F78-32E0DDE68760}.Ad-Hoc|x86.Deploy.0 = Debug|Any CPU
		{BC440816-A2E9-4873-8F78-32E0DDE68760}.AppStore|Any CPU.ActiveCfg = Debug|Any CPU
		{BC440816-A2E9-4873-8F78-32E0DDE68760}.AppStore|Any CPU.Build.0 = Debug|Any CPU
		{BC440816-A2E9-4873-8F78-32E0DDE68760}.AppStore|Any CPU.Deploy.0 = Debug|Any CPU
		{BC440816-A2E9-4873-8F78-32E0DDE68760}.AppStore|ARM.ActiveCfg = Debug|Any CPU
		{BC440816-A2E9-4873-8F78-32E0DDE68760}.AppStore|ARM.Build.0 = Debug|Any CPU
		{BC440816-A2E9-4873-8F78-32E0DDE68760}.AppStore|ARM.Deploy.0 = Debug|Any CPU
		{BC440816-A2E9-4873-8F78-32E0DDE68760}.AppStore|iPhone.ActiveCfg = Debug|Any CPU
		{BC440816-A2E9-4873-8F78-32E0DDE68760}.AppStore|iPhone.Build.0 = Debug|Any CPU
		{BC440816-A2E9-4873-8F78-32E0DDE68760}.AppStore|iPhone.Deploy.0 = Debug|Any CPU
		{BC440816-A2E9-4873-8F78-32E0DDE68760}.AppStore|iPhoneSimulator.ActiveCfg = Debug|Any CPU
		{BC440816-A2E9-4873-8F78-32E0DDE68760}.AppStore|iPhoneSimulator.Build.0 = Debug|Any CPU
		{BC440816-A2E9-4873-8F78-32E0DDE68760}.AppStore|iPhoneSimulator.Deploy.0 = Debug|Any CPU
		{BC440816-A2E9-4873-8F78-32E0DDE68760}.AppStore|x64.ActiveCfg = Debug|Any CPU
		{BC440816-A2E9-4873-8F78-32E0DDE68760}.AppStore|x64.Build.0 = Debug|Any CPU
		{BC440816-A2E9-4873-8F78-32E0DDE68760}.AppStore|x64.Deploy.0 = Debug|Any CPU
		{BC440816-A2E9-4873-8F78-32E0DDE68760}.AppStore|x86.ActiveCfg = Debug|Any CPU
		{BC440816-A2E9-4873-8F78-32E0DDE68760}.AppStore|x86.Build.0 = Debug|Any CPU
		{BC440816-A2E9-4873-8F78-32E0DDE68760}.AppStore|x86.Deploy.0 = Debug|Any CPU
		{BC440816-A2E9-4873-8F78-32E0DDE68760}.Debug|Any CPU.ActiveCfg = Debug|Any CPU
		{BC440816-A2E9-4873-8F78-32E0DDE68760}.Debug|Any CPU.Build.0 = Debug|Any CPU
		{BC440816-A2E9-4873-8F78-32E0DDE68760}.Debug|Any CPU.Deploy.0 = Debug|Any CPU
		{BC440816-A2E9-4873-8F78-32E0DDE68760}.Debug|ARM.ActiveCfg = Debug|Any CPU
		{BC440816-A2E9-4873-8F78-32E0DDE68760}.Debug|ARM.Build.0 = Debug|Any CPU
		{BC440816-A2E9-4873-8F78-32E0DDE68760}.Debug|ARM.Deploy.0 = Debug|Any CPU
		{BC440816-A2E9-4873-8F78-32E0DDE68760}.Debug|iPhone.ActiveCfg = Debug|Any CPU
		{BC440816-A2E9-4873-8F78-32E0DDE68760}.Debug|iPhone.Build.0 = Debug|Any CPU
		{BC440816-A2E9-4873-8F78-32E0DDE68760}.Debug|iPhone.Deploy.0 = Debug|Any CPU
		{BC440816-A2E9-4873-8F78-32E0DDE68760}.Debug|iPhoneSimulator.ActiveCfg = Debug|Any CPU
		{BC440816-A2E9-4873-8F78-32E0DDE68760}.Debug|iPhoneSimulator.Build.0 = Debug|Any CPU
		{BC440816-A2E9-4873-8F78-32E0DDE68760}.Debug|iPhoneSimulator.Deploy.0 = Debug|Any CPU
		{BC440816-A2E9-4873-8F78-32E0DDE68760}.Debug|x64.ActiveCfg = Debug|Any CPU
		{BC440816-A2E9-4873-8F78-32E0DDE68760}.Debug|x64.Build.0 = Debug|Any CPU
		{BC440816-A2E9-4873-8F78-32E0DDE68760}.Debug|x64.Deploy.0 = Debug|Any CPU
		{BC440816-A2E9-4873-8F78-32E0DDE68760}.Debug|x86.ActiveCfg = Debug|Any CPU
		{BC440816-A2E9-4873-8F78-32E0DDE68760}.Debug|x86.Build.0 = Debug|Any CPU
		{BC440816-A2E9-4873-8F78-32E0DDE68760}.Debug|x86.Deploy.0 = Debug|Any CPU
		{BC440816-A2E9-4873-8F78-32E0DDE68760}.Gorilla|Any CPU.ActiveCfg = Debug|Any CPU
		{BC440816-A2E9-4873-8F78-32E0DDE68760}.Gorilla|Any CPU.Build.0 = Debug|Any CPU
		{BC440816-A2E9-4873-8F78-32E0DDE68760}.Gorilla|ARM.ActiveCfg = Debug|Any CPU
		{BC440816-A2E9-4873-8F78-32E0DDE68760}.Gorilla|ARM.Build.0 = Debug|Any CPU
		{BC440816-A2E9-4873-8F78-32E0DDE68760}.Gorilla|iPhone.ActiveCfg = Debug|Any CPU
		{BC440816-A2E9-4873-8F78-32E0DDE68760}.Gorilla|iPhone.Build.0 = Debug|Any CPU
		{BC440816-A2E9-4873-8F78-32E0DDE68760}.Gorilla|iPhoneSimulator.ActiveCfg = Debug|Any CPU
		{BC440816-A2E9-4873-8F78-32E0DDE68760}.Gorilla|iPhoneSimulator.Build.0 = Debug|Any CPU
		{BC440816-A2E9-4873-8F78-32E0DDE68760}.Gorilla|x64.ActiveCfg = Debug|Any CPU
		{BC440816-A2E9-4873-8F78-32E0DDE68760}.Gorilla|x64.Build.0 = Debug|Any CPU
		{BC440816-A2E9-4873-8F78-32E0DDE68760}.Gorilla|x86.ActiveCfg = Debug|Any CPU
		{BC440816-A2E9-4873-8F78-32E0DDE68760}.Gorilla|x86.Build.0 = Debug|Any CPU
		{BC440816-A2E9-4873-8F78-32E0DDE68760}.Release|Any CPU.ActiveCfg = Release|Any CPU
		{BC440816-A2E9-4873-8F78-32E0DDE68760}.Release|Any CPU.Build.0 = Release|Any CPU
		{BC440816-A2E9-4873-8F78-32E0DDE68760}.Release|Any CPU.Deploy.0 = Release|Any CPU
		{BC440816-A2E9-4873-8F78-32E0DDE68760}.Release|ARM.ActiveCfg = Release|Any CPU
		{BC440816-A2E9-4873-8F78-32E0DDE68760}.Release|ARM.Build.0 = Release|Any CPU
		{BC440816-A2E9-4873-8F78-32E0DDE68760}.Release|ARM.Deploy.0 = Release|Any CPU
		{BC440816-A2E9-4873-8F78-32E0DDE68760}.Release|iPhone.ActiveCfg = Release|Any CPU
		{BC440816-A2E9-4873-8F78-32E0DDE68760}.Release|iPhone.Build.0 = Release|Any CPU
		{BC440816-A2E9-4873-8F78-32E0DDE68760}.Release|iPhone.Deploy.0 = Release|Any CPU
		{BC440816-A2E9-4873-8F78-32E0DDE68760}.Release|iPhoneSimulator.ActiveCfg = Release|Any CPU
		{BC440816-A2E9-4873-8F78-32E0DDE68760}.Release|iPhoneSimulator.Build.0 = Release|Any CPU
		{BC440816-A2E9-4873-8F78-32E0DDE68760}.Release|iPhoneSimulator.Deploy.0 = Release|Any CPU
		{BC440816-A2E9-4873-8F78-32E0DDE68760}.Release|x64.ActiveCfg = Release|Any CPU
		{BC440816-A2E9-4873-8F78-32E0DDE68760}.Release|x64.Build.0 = Release|Any CPU
		{BC440816-A2E9-4873-8F78-32E0DDE68760}.Release|x64.Deploy.0 = Release|Any CPU
		{BC440816-A2E9-4873-8F78-32E0DDE68760}.Release|x86.ActiveCfg = Release|Any CPU
		{BC440816-A2E9-4873-8F78-32E0DDE68760}.Release|x86.Build.0 = Release|Any CPU
		{BC440816-A2E9-4873-8F78-32E0DDE68760}.Release|x86.Deploy.0 = Release|Any CPU
		{5876D903-2A73-4ADF-917B-94F8AFEA676B}.Ad-Hoc|Any CPU.ActiveCfg = Release|Any CPU
		{5876D903-2A73-4ADF-917B-94F8AFEA676B}.Ad-Hoc|Any CPU.Build.0 = Release|Any CPU
		{5876D903-2A73-4ADF-917B-94F8AFEA676B}.Ad-Hoc|ARM.ActiveCfg = Release|Any CPU
		{5876D903-2A73-4ADF-917B-94F8AFEA676B}.Ad-Hoc|ARM.Build.0 = Release|Any CPU
		{5876D903-2A73-4ADF-917B-94F8AFEA676B}.Ad-Hoc|iPhone.ActiveCfg = Release|Any CPU
		{5876D903-2A73-4ADF-917B-94F8AFEA676B}.Ad-Hoc|iPhone.Build.0 = Release|Any CPU
		{5876D903-2A73-4ADF-917B-94F8AFEA676B}.Ad-Hoc|iPhoneSimulator.ActiveCfg = Release|Any CPU
		{5876D903-2A73-4ADF-917B-94F8AFEA676B}.Ad-Hoc|iPhoneSimulator.Build.0 = Release|Any CPU
		{5876D903-2A73-4ADF-917B-94F8AFEA676B}.Ad-Hoc|x64.ActiveCfg = Release|Any CPU
		{5876D903-2A73-4ADF-917B-94F8AFEA676B}.Ad-Hoc|x64.Build.0 = Release|Any CPU
		{5876D903-2A73-4ADF-917B-94F8AFEA676B}.Ad-Hoc|x86.ActiveCfg = Release|Any CPU
		{5876D903-2A73-4ADF-917B-94F8AFEA676B}.Ad-Hoc|x86.Build.0 = Release|Any CPU
		{5876D903-2A73-4ADF-917B-94F8AFEA676B}.AppStore|Any CPU.ActiveCfg = Release|Any CPU
		{5876D903-2A73-4ADF-917B-94F8AFEA676B}.AppStore|Any CPU.Build.0 = Release|Any CPU
		{5876D903-2A73-4ADF-917B-94F8AFEA676B}.AppStore|ARM.ActiveCfg = Release|Any CPU
		{5876D903-2A73-4ADF-917B-94F8AFEA676B}.AppStore|ARM.Build.0 = Release|Any CPU
		{5876D903-2A73-4ADF-917B-94F8AFEA676B}.AppStore|iPhone.ActiveCfg = Release|Any CPU
		{5876D903-2A73-4ADF-917B-94F8AFEA676B}.AppStore|iPhone.Build.0 = Release|Any CPU
		{5876D903-2A73-4ADF-917B-94F8AFEA676B}.AppStore|iPhoneSimulator.ActiveCfg = Release|Any CPU
		{5876D903-2A73-4ADF-917B-94F8AFEA676B}.AppStore|iPhoneSimulator.Build.0 = Release|Any CPU
		{5876D903-2A73-4ADF-917B-94F8AFEA676B}.AppStore|x64.ActiveCfg = Release|Any CPU
		{5876D903-2A73-4ADF-917B-94F8AFEA676B}.AppStore|x64.Build.0 = Release|Any CPU
		{5876D903-2A73-4ADF-917B-94F8AFEA676B}.AppStore|x86.ActiveCfg = Release|Any CPU
		{5876D903-2A73-4ADF-917B-94F8AFEA676B}.AppStore|x86.Build.0 = Release|Any CPU
		{5876D903-2A73-4ADF-917B-94F8AFEA676B}.Debug|Any CPU.ActiveCfg = Debug|Any CPU
		{5876D903-2A73-4ADF-917B-94F8AFEA676B}.Debug|Any CPU.Build.0 = Debug|Any CPU
		{5876D903-2A73-4ADF-917B-94F8AFEA676B}.Debug|ARM.ActiveCfg = Debug|Any CPU
		{5876D903-2A73-4ADF-917B-94F8AFEA676B}.Debug|ARM.Build.0 = Debug|Any CPU
		{5876D903-2A73-4ADF-917B-94F8AFEA676B}.Debug|iPhone.ActiveCfg = Debug|Any CPU
		{5876D903-2A73-4ADF-917B-94F8AFEA676B}.Debug|iPhone.Build.0 = Debug|Any CPU
		{5876D903-2A73-4ADF-917B-94F8AFEA676B}.Debug|iPhoneSimulator.ActiveCfg = Debug|Any CPU
		{5876D903-2A73-4ADF-917B-94F8AFEA676B}.Debug|iPhoneSimulator.Build.0 = Debug|Any CPU
		{5876D903-2A73-4ADF-917B-94F8AFEA676B}.Debug|x64.ActiveCfg = Debug|Any CPU
		{5876D903-2A73-4ADF-917B-94F8AFEA676B}.Debug|x64.Build.0 = Debug|Any CPU
		{5876D903-2A73-4ADF-917B-94F8AFEA676B}.Debug|x86.ActiveCfg = Debug|Any CPU
		{5876D903-2A73-4ADF-917B-94F8AFEA676B}.Debug|x86.Build.0 = Debug|Any CPU
		{5876D903-2A73-4ADF-917B-94F8AFEA676B}.Gorilla|Any CPU.ActiveCfg = Gorilla|Any CPU
		{5876D903-2A73-4ADF-917B-94F8AFEA676B}.Gorilla|Any CPU.Build.0 = Gorilla|Any CPU
		{5876D903-2A73-4ADF-917B-94F8AFEA676B}.Gorilla|ARM.ActiveCfg = Gorilla|Any CPU
		{5876D903-2A73-4ADF-917B-94F8AFEA676B}.Gorilla|ARM.Build.0 = Gorilla|Any CPU
		{5876D903-2A73-4ADF-917B-94F8AFEA676B}.Gorilla|iPhone.ActiveCfg = Gorilla|Any CPU
		{5876D903-2A73-4ADF-917B-94F8AFEA676B}.Gorilla|iPhone.Build.0 = Gorilla|Any CPU
		{5876D903-2A73-4ADF-917B-94F8AFEA676B}.Gorilla|iPhoneSimulator.ActiveCfg = Gorilla|Any CPU
		{5876D903-2A73-4ADF-917B-94F8AFEA676B}.Gorilla|iPhoneSimulator.Build.0 = Gorilla|Any CPU
		{5876D903-2A73-4ADF-917B-94F8AFEA676B}.Gorilla|x64.ActiveCfg = Gorilla|Any CPU
		{5876D903-2A73-4ADF-917B-94F8AFEA676B}.Gorilla|x64.Build.0 = Gorilla|Any CPU
		{5876D903-2A73-4ADF-917B-94F8AFEA676B}.Gorilla|x86.ActiveCfg = Gorilla|Any CPU
		{5876D903-2A73-4ADF-917B-94F8AFEA676B}.Gorilla|x86.Build.0 = Gorilla|Any CPU
		{5876D903-2A73-4ADF-917B-94F8AFEA676B}.Release|Any CPU.ActiveCfg = Release|Any CPU
		{5876D903-2A73-4ADF-917B-94F8AFEA676B}.Release|Any CPU.Build.0 = Release|Any CPU
		{5876D903-2A73-4ADF-917B-94F8AFEA676B}.Release|ARM.ActiveCfg = Release|Any CPU
		{5876D903-2A73-4ADF-917B-94F8AFEA676B}.Release|ARM.Build.0 = Release|Any CPU
		{5876D903-2A73-4ADF-917B-94F8AFEA676B}.Release|iPhone.ActiveCfg = Release|Any CPU
		{5876D903-2A73-4ADF-917B-94F8AFEA676B}.Release|iPhone.Build.0 = Release|Any CPU
		{5876D903-2A73-4ADF-917B-94F8AFEA676B}.Release|iPhoneSimulator.ActiveCfg = Release|Any CPU
		{5876D903-2A73-4ADF-917B-94F8AFEA676B}.Release|iPhoneSimulator.Build.0 = Release|Any CPU
		{5876D903-2A73-4ADF-917B-94F8AFEA676B}.Release|x64.ActiveCfg = Release|Any CPU
		{5876D903-2A73-4ADF-917B-94F8AFEA676B}.Release|x64.Build.0 = Release|Any CPU
		{5876D903-2A73-4ADF-917B-94F8AFEA676B}.Release|x86.ActiveCfg = Release|Any CPU
		{5876D903-2A73-4ADF-917B-94F8AFEA676B}.Release|x86.Build.0 = Release|Any CPU
		{494F9EF7-4ADC-4434-98E3-096609AE3F4A}.Ad-Hoc|Any CPU.ActiveCfg = Release|Any CPU
		{494F9EF7-4ADC-4434-98E3-096609AE3F4A}.Ad-Hoc|Any CPU.Build.0 = Release|Any CPU
		{494F9EF7-4ADC-4434-98E3-096609AE3F4A}.Ad-Hoc|ARM.ActiveCfg = Release|Any CPU
		{494F9EF7-4ADC-4434-98E3-096609AE3F4A}.Ad-Hoc|ARM.Build.0 = Release|Any CPU
		{494F9EF7-4ADC-4434-98E3-096609AE3F4A}.Ad-Hoc|iPhone.ActiveCfg = Release|Any CPU
		{494F9EF7-4ADC-4434-98E3-096609AE3F4A}.Ad-Hoc|iPhone.Build.0 = Release|Any CPU
		{494F9EF7-4ADC-4434-98E3-096609AE3F4A}.Ad-Hoc|iPhoneSimulator.ActiveCfg = Release|Any CPU
		{494F9EF7-4ADC-4434-98E3-096609AE3F4A}.Ad-Hoc|iPhoneSimulator.Build.0 = Release|Any CPU
		{494F9EF7-4ADC-4434-98E3-096609AE3F4A}.Ad-Hoc|x64.ActiveCfg = Release|Any CPU
		{494F9EF7-4ADC-4434-98E3-096609AE3F4A}.Ad-Hoc|x64.Build.0 = Release|Any CPU
		{494F9EF7-4ADC-4434-98E3-096609AE3F4A}.Ad-Hoc|x86.ActiveCfg = Release|Any CPU
		{494F9EF7-4ADC-4434-98E3-096609AE3F4A}.Ad-Hoc|x86.Build.0 = Release|Any CPU
		{494F9EF7-4ADC-4434-98E3-096609AE3F4A}.AppStore|Any CPU.ActiveCfg = Release|Any CPU
		{494F9EF7-4ADC-4434-98E3-096609AE3F4A}.AppStore|Any CPU.Build.0 = Release|Any CPU
		{494F9EF7-4ADC-4434-98E3-096609AE3F4A}.AppStore|ARM.ActiveCfg = Release|Any CPU
		{494F9EF7-4ADC-4434-98E3-096609AE3F4A}.AppStore|ARM.Build.0 = Release|Any CPU
		{494F9EF7-4ADC-4434-98E3-096609AE3F4A}.AppStore|iPhone.ActiveCfg = Release|Any CPU
		{494F9EF7-4ADC-4434-98E3-096609AE3F4A}.AppStore|iPhone.Build.0 = Release|Any CPU
		{494F9EF7-4ADC-4434-98E3-096609AE3F4A}.AppStore|iPhoneSimulator.ActiveCfg = Release|Any CPU
		{494F9EF7-4ADC-4434-98E3-096609AE3F4A}.AppStore|iPhoneSimulator.Build.0 = Release|Any CPU
		{494F9EF7-4ADC-4434-98E3-096609AE3F4A}.AppStore|x64.ActiveCfg = Release|Any CPU
		{494F9EF7-4ADC-4434-98E3-096609AE3F4A}.AppStore|x64.Build.0 = Release|Any CPU
		{494F9EF7-4ADC-4434-98E3-096609AE3F4A}.AppStore|x86.ActiveCfg = Release|Any CPU
		{494F9EF7-4ADC-4434-98E3-096609AE3F4A}.AppStore|x86.Build.0 = Release|Any CPU
		{494F9EF7-4ADC-4434-98E3-096609AE3F4A}.Debug|Any CPU.ActiveCfg = Debug|Any CPU
		{494F9EF7-4ADC-4434-98E3-096609AE3F4A}.Debug|Any CPU.Build.0 = Debug|Any CPU
		{494F9EF7-4ADC-4434-98E3-096609AE3F4A}.Debug|ARM.ActiveCfg = Debug|Any CPU
		{494F9EF7-4ADC-4434-98E3-096609AE3F4A}.Debug|ARM.Build.0 = Debug|Any CPU
		{494F9EF7-4ADC-4434-98E3-096609AE3F4A}.Debug|iPhone.ActiveCfg = Debug|Any CPU
		{494F9EF7-4ADC-4434-98E3-096609AE3F4A}.Debug|iPhone.Build.0 = Debug|Any CPU
		{494F9EF7-4ADC-4434-98E3-096609AE3F4A}.Debug|iPhoneSimulator.ActiveCfg = Debug|Any CPU
		{494F9EF7-4ADC-4434-98E3-096609AE3F4A}.Debug|iPhoneSimulator.Build.0 = Debug|Any CPU
		{494F9EF7-4ADC-4434-98E3-096609AE3F4A}.Debug|x64.ActiveCfg = Debug|Any CPU
		{494F9EF7-4ADC-4434-98E3-096609AE3F4A}.Debug|x64.Build.0 = Debug|Any CPU
		{494F9EF7-4ADC-4434-98E3-096609AE3F4A}.Debug|x86.ActiveCfg = Debug|Any CPU
		{494F9EF7-4ADC-4434-98E3-096609AE3F4A}.Debug|x86.Build.0 = Debug|Any CPU
		{494F9EF7-4ADC-4434-98E3-096609AE3F4A}.Gorilla|Any CPU.ActiveCfg = Gorilla|Any CPU
		{494F9EF7-4ADC-4434-98E3-096609AE3F4A}.Gorilla|Any CPU.Build.0 = Gorilla|Any CPU
		{494F9EF7-4ADC-4434-98E3-096609AE3F4A}.Gorilla|ARM.ActiveCfg = Gorilla|Any CPU
		{494F9EF7-4ADC-4434-98E3-096609AE3F4A}.Gorilla|ARM.Build.0 = Gorilla|Any CPU
		{494F9EF7-4ADC-4434-98E3-096609AE3F4A}.Gorilla|iPhone.ActiveCfg = Gorilla|Any CPU
		{494F9EF7-4ADC-4434-98E3-096609AE3F4A}.Gorilla|iPhone.Build.0 = Gorilla|Any CPU
		{494F9EF7-4ADC-4434-98E3-096609AE3F4A}.Gorilla|iPhoneSimulator.ActiveCfg = Gorilla|Any CPU
		{494F9EF7-4ADC-4434-98E3-096609AE3F4A}.Gorilla|iPhoneSimulator.Build.0 = Gorilla|Any CPU
		{494F9EF7-4ADC-4434-98E3-096609AE3F4A}.Gorilla|x64.ActiveCfg = Gorilla|Any CPU
		{494F9EF7-4ADC-4434-98E3-096609AE3F4A}.Gorilla|x64.Build.0 = Gorilla|Any CPU
		{494F9EF7-4ADC-4434-98E3-096609AE3F4A}.Gorilla|x86.ActiveCfg = Gorilla|Any CPU
		{494F9EF7-4ADC-4434-98E3-096609AE3F4A}.Gorilla|x86.Build.0 = Gorilla|Any CPU
		{494F9EF7-4ADC-4434-98E3-096609AE3F4A}.Release|Any CPU.ActiveCfg = Release|Any CPU
		{494F9EF7-4ADC-4434-98E3-096609AE3F4A}.Release|Any CPU.Build.0 = Release|Any CPU
		{494F9EF7-4ADC-4434-98E3-096609AE3F4A}.Release|ARM.ActiveCfg = Release|Any CPU
		{494F9EF7-4ADC-4434-98E3-096609AE3F4A}.Release|ARM.Build.0 = Release|Any CPU
		{494F9EF7-4ADC-4434-98E3-096609AE3F4A}.Release|iPhone.ActiveCfg = Release|Any CPU
		{494F9EF7-4ADC-4434-98E3-096609AE3F4A}.Release|iPhone.Build.0 = Release|Any CPU
		{494F9EF7-4ADC-4434-98E3-096609AE3F4A}.Release|iPhoneSimulator.ActiveCfg = Release|Any CPU
		{494F9EF7-4ADC-4434-98E3-096609AE3F4A}.Release|iPhoneSimulator.Build.0 = Release|Any CPU
		{494F9EF7-4ADC-4434-98E3-096609AE3F4A}.Release|x64.ActiveCfg = Release|Any CPU
		{494F9EF7-4ADC-4434-98E3-096609AE3F4A}.Release|x64.Build.0 = Release|Any CPU
		{494F9EF7-4ADC-4434-98E3-096609AE3F4A}.Release|x86.ActiveCfg = Release|Any CPU
		{494F9EF7-4ADC-4434-98E3-096609AE3F4A}.Release|x86.Build.0 = Release|Any CPU
		{7DEF0540-BA31-47F7-98AD-3327EFFBF2FB}.Ad-Hoc|Any CPU.ActiveCfg = Release|Any CPU
		{7DEF0540-BA31-47F7-98AD-3327EFFBF2FB}.Ad-Hoc|Any CPU.Build.0 = Release|Any CPU
		{7DEF0540-BA31-47F7-98AD-3327EFFBF2FB}.Ad-Hoc|ARM.ActiveCfg = Release|Any CPU
		{7DEF0540-BA31-47F7-98AD-3327EFFBF2FB}.Ad-Hoc|ARM.Build.0 = Release|Any CPU
		{7DEF0540-BA31-47F7-98AD-3327EFFBF2FB}.Ad-Hoc|iPhone.ActiveCfg = Release|Any CPU
		{7DEF0540-BA31-47F7-98AD-3327EFFBF2FB}.Ad-Hoc|iPhone.Build.0 = Release|Any CPU
		{7DEF0540-BA31-47F7-98AD-3327EFFBF2FB}.Ad-Hoc|iPhoneSimulator.ActiveCfg = Release|Any CPU
		{7DEF0540-BA31-47F7-98AD-3327EFFBF2FB}.Ad-Hoc|iPhoneSimulator.Build.0 = Release|Any CPU
		{7DEF0540-BA31-47F7-98AD-3327EFFBF2FB}.Ad-Hoc|x64.ActiveCfg = Release|Any CPU
		{7DEF0540-BA31-47F7-98AD-3327EFFBF2FB}.Ad-Hoc|x64.Build.0 = Release|Any CPU
		{7DEF0540-BA31-47F7-98AD-3327EFFBF2FB}.Ad-Hoc|x86.ActiveCfg = Release|Any CPU
		{7DEF0540-BA31-47F7-98AD-3327EFFBF2FB}.Ad-Hoc|x86.Build.0 = Release|Any CPU
		{7DEF0540-BA31-47F7-98AD-3327EFFBF2FB}.AppStore|Any CPU.ActiveCfg = Release|Any CPU
		{7DEF0540-BA31-47F7-98AD-3327EFFBF2FB}.AppStore|Any CPU.Build.0 = Release|Any CPU
		{7DEF0540-BA31-47F7-98AD-3327EFFBF2FB}.AppStore|ARM.ActiveCfg = Release|Any CPU
		{7DEF0540-BA31-47F7-98AD-3327EFFBF2FB}.AppStore|ARM.Build.0 = Release|Any CPU
		{7DEF0540-BA31-47F7-98AD-3327EFFBF2FB}.AppStore|iPhone.ActiveCfg = Release|Any CPU
		{7DEF0540-BA31-47F7-98AD-3327EFFBF2FB}.AppStore|iPhone.Build.0 = Release|Any CPU
		{7DEF0540-BA31-47F7-98AD-3327EFFBF2FB}.AppStore|iPhoneSimulator.ActiveCfg = Release|Any CPU
		{7DEF0540-BA31-47F7-98AD-3327EFFBF2FB}.AppStore|iPhoneSimulator.Build.0 = Release|Any CPU
		{7DEF0540-BA31-47F7-98AD-3327EFFBF2FB}.AppStore|x64.ActiveCfg = Release|Any CPU
		{7DEF0540-BA31-47F7-98AD-3327EFFBF2FB}.AppStore|x64.Build.0 = Release|Any CPU
		{7DEF0540-BA31-47F7-98AD-3327EFFBF2FB}.AppStore|x86.ActiveCfg = Release|Any CPU
		{7DEF0540-BA31-47F7-98AD-3327EFFBF2FB}.AppStore|x86.Build.0 = Release|Any CPU
		{7DEF0540-BA31-47F7-98AD-3327EFFBF2FB}.Debug|Any CPU.ActiveCfg = Debug|Any CPU
		{7DEF0540-BA31-47F7-98AD-3327EFFBF2FB}.Debug|Any CPU.Build.0 = Debug|Any CPU
		{7DEF0540-BA31-47F7-98AD-3327EFFBF2FB}.Debug|ARM.ActiveCfg = Debug|Any CPU
		{7DEF0540-BA31-47F7-98AD-3327EFFBF2FB}.Debug|ARM.Build.0 = Debug|Any CPU
		{7DEF0540-BA31-47F7-98AD-3327EFFBF2FB}.Debug|iPhone.ActiveCfg = Debug|Any CPU
		{7DEF0540-BA31-47F7-98AD-3327EFFBF2FB}.Debug|iPhone.Build.0 = Debug|Any CPU
		{7DEF0540-BA31-47F7-98AD-3327EFFBF2FB}.Debug|iPhoneSimulator.ActiveCfg = Debug|Any CPU
		{7DEF0540-BA31-47F7-98AD-3327EFFBF2FB}.Debug|iPhoneSimulator.Build.0 = Debug|Any CPU
		{7DEF0540-BA31-47F7-98AD-3327EFFBF2FB}.Debug|x64.ActiveCfg = Debug|Any CPU
		{7DEF0540-BA31-47F7-98AD-3327EFFBF2FB}.Debug|x64.Build.0 = Debug|Any CPU
		{7DEF0540-BA31-47F7-98AD-3327EFFBF2FB}.Debug|x86.ActiveCfg = Debug|Any CPU
		{7DEF0540-BA31-47F7-98AD-3327EFFBF2FB}.Debug|x86.Build.0 = Debug|Any CPU
		{7DEF0540-BA31-47F7-98AD-3327EFFBF2FB}.Gorilla|Any CPU.ActiveCfg = Gorilla|Any CPU
		{7DEF0540-BA31-47F7-98AD-3327EFFBF2FB}.Gorilla|Any CPU.Build.0 = Gorilla|Any CPU
		{7DEF0540-BA31-47F7-98AD-3327EFFBF2FB}.Gorilla|ARM.ActiveCfg = Gorilla|Any CPU
		{7DEF0540-BA31-47F7-98AD-3327EFFBF2FB}.Gorilla|ARM.Build.0 = Gorilla|Any CPU
		{7DEF0540-BA31-47F7-98AD-3327EFFBF2FB}.Gorilla|iPhone.ActiveCfg = Gorilla|Any CPU
		{7DEF0540-BA31-47F7-98AD-3327EFFBF2FB}.Gorilla|iPhone.Build.0 = Gorilla|Any CPU
		{7DEF0540-BA31-47F7-98AD-3327EFFBF2FB}.Gorilla|iPhoneSimulator.ActiveCfg = Gorilla|Any CPU
		{7DEF0540-BA31-47F7-98AD-3327EFFBF2FB}.Gorilla|iPhoneSimulator.Build.0 = Gorilla|Any CPU
		{7DEF0540-BA31-47F7-98AD-3327EFFBF2FB}.Gorilla|x64.ActiveCfg = Gorilla|Any CPU
		{7DEF0540-BA31-47F7-98AD-3327EFFBF2FB}.Gorilla|x64.Build.0 = Gorilla|Any CPU
		{7DEF0540-BA31-47F7-98AD-3327EFFBF2FB}.Gorilla|x86.ActiveCfg = Gorilla|Any CPU
		{7DEF0540-BA31-47F7-98AD-3327EFFBF2FB}.Gorilla|x86.Build.0 = Gorilla|Any CPU
		{7DEF0540-BA31-47F7-98AD-3327EFFBF2FB}.Release|Any CPU.ActiveCfg = Release|Any CPU
		{7DEF0540-BA31-47F7-98AD-3327EFFBF2FB}.Release|Any CPU.Build.0 = Release|Any CPU
		{7DEF0540-BA31-47F7-98AD-3327EFFBF2FB}.Release|ARM.ActiveCfg = Release|Any CPU
		{7DEF0540-BA31-47F7-98AD-3327EFFBF2FB}.Release|ARM.Build.0 = Release|Any CPU
		{7DEF0540-BA31-47F7-98AD-3327EFFBF2FB}.Release|iPhone.ActiveCfg = Release|Any CPU
		{7DEF0540-BA31-47F7-98AD-3327EFFBF2FB}.Release|iPhone.Build.0 = Release|Any CPU
		{7DEF0540-BA31-47F7-98AD-3327EFFBF2FB}.Release|iPhoneSimulator.ActiveCfg = Release|Any CPU
		{7DEF0540-BA31-47F7-98AD-3327EFFBF2FB}.Release|iPhoneSimulator.Build.0 = Release|Any CPU
		{7DEF0540-BA31-47F7-98AD-3327EFFBF2FB}.Release|x64.ActiveCfg = Release|Any CPU
		{7DEF0540-BA31-47F7-98AD-3327EFFBF2FB}.Release|x64.Build.0 = Release|Any CPU
		{7DEF0540-BA31-47F7-98AD-3327EFFBF2FB}.Release|x86.ActiveCfg = Release|Any CPU
		{7DEF0540-BA31-47F7-98AD-3327EFFBF2FB}.Release|x86.Build.0 = Release|Any CPU
	EndGlobalSection
	GlobalSection(SolutionProperties) = preSolution
		HideSolutionNode = FALSE
	EndGlobalSection
	GlobalSection(ExtensibilityGlobals) = postSolution
		SolutionGuid = {425E5708-DC50-4639-A1C4-514C9EA74211}
	EndGlobalSection
EndGlobal
